
Microsoft Visual Studio Solution File, Format Version 12.00
# Visual Studio Version 17
VisualStudioVersion = 17.6.33829.357
MinimumVisualStudioVersion = 10.0.40219.1
Project("{FAE04EC0-301F-11D3-BF4B-00C04F79EFBC}") = "ProjectPlanner", "ProjectPlanner\ProjectPlanner.csproj", "{8286E791-EFFD-4078-AC38-176B6FF78201}"
EndProject
Global
	GlobalSection(SolutionConfigurationPlatforms) = preSolution
		Debug|Any CPU = Debug|Any CPU
		Release|Any CPU = Release|Any CPU
	EndGlobalSection
	GlobalSection(ProjectConfigurationPlatforms) = postSolution
		{8286E791-EFFD-4078-AC38-176B6FF78201}.Debug|Any CPU.ActiveCfg = Debug|Any CPU
		{8286E791-EFFD-4078-AC38-176B6FF78201}.Debug|Any CPU.Build.0 = Debug|Any CPU
		{8286E791-EFFD-4078-AC38-176B6FF78201}.Release|Any CPU.ActiveCfg = Release|Any CPU
		{8286E791-EFFD-4078-AC38-176B6FF78201}.Release|Any CPU.Build.0 = Release|Any CPU
	EndGlobalSection
	GlobalSection(SolutionProperties) = preSolution
		HideSolutionNode = FALSE
	EndGlobalSection
	GlobalSection(ExtensibilityGlobals) = postSolution
		SolutionGuid = {3E115443-11B0-4CD9-AFA7-011BFC6148F9}
	EndGlobalSection
EndGlobal
